
Microsoft Visual Studio Solution File, Format Version 12.00
# Visual Studio Version 17
VisualStudioVersion = 17.11.35219.272
MinimumVisualStudioVersion = 10.0.40219.1
Project("{888888A0-9F3D-457C-B088-3A5042F75D52}") = "1.osa.pygame", "1.osa.pygame.pyproj", "{CBF28C6A-8AB0-4F8A-91A3-63EF32EBF9B3}"
EndProject
Global
	GlobalSection(SolutionConfigurationPlatforms) = preSolution
		Debug|Any CPU = Debug|Any CPU
		Release|Any CPU = Release|Any CPU
	EndGlobalSection
	GlobalSection(ProjectConfigurationPlatforms) = postSolution
		{CBF28C6A-8AB0-4F8A-91A3-63EF32EBF9B3}.Debug|Any CPU.ActiveCfg = Debug|Any CPU
		{CBF28C6A-8AB0-4F8A-91A3-63EF32EBF9B3}.Release|Any CPU.ActiveCfg = Release|Any CPU
	EndGlobalSection
	GlobalSection(SolutionProperties) = preSolution
		HideSolutionNode = FALSE
	EndGlobalSection
	GlobalSection(ExtensibilityGlobals) = postSolution
		SolutionGuid = {A8396946-52B4-421D-BAA2-7272CC81AF44}
	EndGlobalSection
EndGlobal
